// !$*UTF8*$!
{
	archiveVersion = 1;
	classes = {
	};
	objectVersion = 56;
	objects = {

/* Begin PBXBuildFile section */
		2D669B142ABA601E00BBD851 /* AppDelegate.swift in Sources */ = {isa = PBXBuildFile; fileRef = 2D669B132ABA601E00BBD851 /* AppDelegate.swift */; };
		2D669B162ABA601E00BBD851 /* SceneDelegate.swift in Sources */ = {isa = PBXBuildFile; fileRef = 2D669B152ABA601E00BBD851 /* SceneDelegate.swift */; };
		2D669B182ABA601E00BBD851 /* ViewController.swift in Sources */ = {isa = PBXBuildFile; fileRef = 2D669B172ABA601E00BBD851 /* ViewController.swift */; };
		2D669B1B2ABA601E00BBD851 /* Main.storyboard in Resources */ = {isa = PBXBuildFile; fileRef = 2D669B192ABA601E00BBD851 /* Main.storyboard */; };
		2D669B1D2ABA601E00BBD851 /* Assets.xcassets in Resources */ = {isa = PBXBuildFile; fileRef = 2D669B1C2ABA601E00BBD851 /* Assets.xcassets */; };
		2D669B202ABA601E00BBD851 /* LaunchScreen.storyboard in Resources */ = {isa = PBXBuildFile; fileRef = 2D669B1E2ABA601E00BBD851 /* LaunchScreen.storyboard */; };
		2D669B2B2ABA601F00BBD851 /* Hackwich_4_9_19_23Tests.swift in Sources */ = {isa = PBXBuildFile; fileRef = 2D669B2A2ABA601F00BBD851 /* Hackwich_4_9_19_23Tests.swift */; };
		2D669B352ABA601F00BBD851 /* Hackwich_4_9_19_23UITests.swift in Sources */ = {isa = PBXBuildFile; fileRef = 2D669B342ABA601F00BBD851 /* Hackwich_4_9_19_23UITests.swift */; };
		2D669B372ABA601F00BBD851 /* Hackwich_4_9_19_23UITestsLaunchTests.swift in Sources */ = {isa = PBXBuildFile; fileRef = 2D669B362ABA601F00BBD851 /* Hackwich_4_9_19_23UITestsLaunchTests.swift */; };
/* End PBXBuildFile section */

/* Begin PBXContainerItemProxy section */
		2D669B272ABA601F00BBD851 /* PBXContainerItemProxy */ = {
			isa = PBXContainerItemProxy;
			containerPortal = 2D669B082ABA601D00BBD851 /* Project object */;
			proxyType = 1;
			remoteGlobalIDString = 2D669B0F2ABA601E00BBD851;
			remoteInfo = "Hackwich 4 9.19.23";
		};
		2D669B312ABA601F00BBD851 /* PBXContainerItemProxy */ = {
			isa = PBXContainerItemProxy;
			containerPortal = 2D669B082ABA601D00BBD851 /* Project object */;
			proxyType = 1;
			remoteGlobalIDString = 2D669B0F2ABA601E00BBD851;
			remoteInfo = "Hackwich 4 9.19.23";
		};
/* End PBXContainerItemProxy section */

/* Begin PBXFileReference section */
		2D669B102ABA601E00BBD851 /* Hackwich 4 9.19.23.app */ = {isa = PBXFileReference; explicitFileType = wrapper.application; includeInIndex = 0; path = "Hackwich 4 9.19.23.app"; sourceTree = BUILT_PRODUCTS_DIR; };
		2D669B132ABA601E00BBD851 /* AppDelegate.swift */ = {isa = PBXFileReference; lastKnownFileType = sourcecode.swift; path = AppDelegate.swift; sourceTree = "<group>"; };
		2D669B152ABA601E00BBD851 /* SceneDelegate.swift */ = {isa = PBXFileReference; lastKnownFileType = sourcecode.swift; path = SceneDelegate.swift; sourceTree = "<group>"; };
		2D669B172ABA601E00BBD851 /* ViewController.swift */ = {isa = PBXFileReference; lastKnownFileType = sourcecode.swift; path = ViewController.swift; sourceTree = "<group>"; };
		2D669B1A2ABA601E00BBD851 /* Base */ = {isa = PBXFileReference; lastKnownFileType = file.storyboard; name = Base; path = Base.lproj/Main.storyboard; sourceTree = "<group>"; };
		2D669B1C2ABA601E00BBD851 /* Assets.xcassets */ = {isa = PBXFileReference; lastKnownFileType = folder.assetcatalog; path = Assets.xcassets; sourceTree = "<group>"; };
		2D669B1F2ABA601E00BBD851 /* Base */ = {isa = PBXFileReference; lastKnownFileType = file.storyboard; name = Base; path = Base.lproj/LaunchScreen.storyboard; sourceTree = "<group>"; };
		2D669B212ABA601E00BBD851 /* Info.plist */ = {isa = PBXFileReference; lastKnownFileType = text.plist.xml; path = Info.plist; sourceTree = "<group>"; };
		2D669B262ABA601F00BBD851 /* Hackwich 4 9.19.23Tests.xctest */ = {isa = PBXFileReference; explicitFileType = wrapper.cfbundle; includeInIndex = 0; path = "Hackwich 4 9.19.23Tests.xctest"; sourceTree = BUILT_PRODUCTS_DIR; };
		2D669B2A2ABA601F00BBD851 /* Hackwich_4_9_19_23Tests.swift */ = {isa = PBXFileReference; lastKnownFileType = sourcecode.swift; path = Hackwich_4_9_19_23Tests.swift; sourceTree = "<group>"; };
		2D669B302ABA601F00BBD851 /* Hackwich 4 9.19.23UITests.xctest */ = {isa = PBXFileReference; explicitFileType = wrapper.cfbundle; includeInIndex = 0; path = "Hackwich 4 9.19.23UITests.xctest"; sourceTree = BUILT_PRODUCTS_DIR; };
		2D669B342ABA601F00BBD851 /* Hackwich_4_9_19_23UITests.swift */ = {isa = PBXFileReference; lastKnownFileType = sourcecode.swift; path = Hackwich_4_9_19_23UITests.swift; sourceTree = "<group>"; };
		2D669B362ABA601F00BBD851 /* Hackwich_4_9_19_23UITestsLaunchTests.swift */ = {isa = PBXFileReference; lastKnownFileType = sourcecode.swift; path = Hackwich_4_9_19_23UITestsLaunchTests.swift; sourceTree = "<group>"; };
/* End PBXFileReference section */

/* Begin PBXFrameworksBuildPhase section */
		2D669B0D2ABA601E00BBD851 /* Frameworks */ = {
			isa = PBXFrameworksBuildPhase;
			buildActionMask = 2147483647;
			files = (
			);
			runOnlyForDeploymentPostprocessing = 0;
		};
		2D669B232ABA601F00BBD851 /* Frameworks */ = {
			isa = PBXFrameworksBuildPhase;
			buildActionMask = 2147483647;
			files = (
			);
			runOnlyForDeploymentPostprocessing = 0;
		};
		2D669B2D2ABA601F00BBD851 /* Frameworks */ = {
			isa = PBXFrameworksBuildPhase;
			buildActionMask = 2147483647;
			files = (
			);
			runOnlyForDeploymentPostprocessing = 0;
		};
/* End PBXFrameworksBuildPhase section */

/* Begin PBXGroup section */
		2D669B072ABA601D00BBD851 = {
			isa = PBXGroup;
			children = (
				2D669B122ABA601E00BBD851 /* Hackwich 4 9.19.23 */,
				2D669B292ABA601F00BBD851 /* Hackwich 4 9.19.23Tests */,
				2D669B332ABA601F00BBD851 /* Hackwich 4 9.19.23UITests */,
				2D669B112ABA601E00BBD851 /* Products */,
			);
			sourceTree = "<group>";
		};
		2D669B112ABA601E00BBD851 /* Products */ = {
			isa = PBXGroup;
			children = (
				2D669B102ABA601E00BBD851 /* Hackwich 4 9.19.23.app */,
				2D669B262ABA601F00BBD851 /* Hackwich 4 9.19.23Tests.xctest */,
				2D669B302ABA601F00BBD851 /* Hackwich 4 9.19.23UITests.xctest */,
			);
			name = Products;
			sourceTree = "<group>";
		};
		2D669B122ABA601E00BBD851 /* Hackwich 4 9.19.23 */ = {
			isa = PBXGroup;
			children = (
				2D669B132ABA601E00BBD851 /* AppDelegate.swift */,
				2D669B152ABA601E00BBD851 /* SceneDelegate.swift */,
				2D669B172ABA601E00BBD851 /* ViewController.swift */,
				2D669B192ABA601E00BBD851 /* Main.storyboard */,
				2D669B1C2ABA601E00BBD851 /* Assets.xcassets */,
				2D669B1E2ABA601E00BBD851 /* LaunchScreen.storyboard */,
				2D669B212ABA601E00BBD851 /* Info.plist */,
			);
			path = "Hackwich 4 9.19.23";
			sourceTree = "<group>";
		};
		2D669B292ABA601F00BBD851 /* Hackwich 4 9.19.23Tests */ = {
			isa = PBXGroup;
			children = (
				2D669B2A2ABA601F00BBD851 /* Hackwich_4_9_19_23Tests.swift */,
			);
			path = "Hackwich 4 9.19.23Tests";
			sourceTree = "<group>";
		};
		2D669B332ABA601F00BBD851 /* Hackwich 4 9.19.23UITests */ = {
			isa = PBXGroup;
			children = (
				2D669B342ABA601F00BBD851 /* Hackwich_4_9_19_23UITests.swift */,
				2D669B362ABA601F00BBD851 /* Hackwich_4_9_19_23UITestsLaunchTests.swift */,
			);
			path = "Hackwich 4 9.19.23UITests";
			sourceTree = "<group>";
		};
/* End PBXGroup section */

/* Begin PBXNativeTarget section */
		2D669B0F2ABA601E00BBD851 /* Hackwich 4 9.19.23 */ = {
			isa = PBXNativeTarget;
			buildConfigurationList = 2D669B3A2ABA601F00BBD851 /* Build configuration list for PBXNativeTarget "Hackwich 4 9.19.23" */;
			buildPhases = (
				2D669B0C2ABA601E00BBD851 /* Sources */,
				2D669B0D2ABA601E00BBD851 /* Frameworks */,
				2D669B0E2ABA601E00BBD851 /* Resources */,
			);
			buildRules = (
			);
			dependencies = (
			);
			name = "Hackwich 4 9.19.23";
			productName = "Hackwich 4 9.19.23";
			productReference = 2D669B102ABA601E00BBD851 /* Hackwich 4 9.19.23.app */;
			productType = "com.apple.product-type.application";
		};
		2D669B252ABA601F00BBD851 /* Hackwich 4 9.19.23Tests */ = {
			isa = PBXNativeTarget;
			buildConfigurationList = 2D669B3D2ABA601F00BBD851 /* Build configuration list for PBXNativeTarget "Hackwich 4 9.19.23Tests" */;
			buildPhases = (
				2D669B222ABA601F00BBD851 /* Sources */,
				2D669B232ABA601F00BBD851 /* Frameworks */,
				2D669B242ABA601F00BBD851 /* Resources */,
			);
			buildRules = (
			);
			dependencies = (
				2D669B282ABA601F00BBD851 /* PBXTargetDependency */,
			);
			name = "Hackwich 4 9.19.23Tests";
			productName = "Hackwich 4 9.19.23Tests";
			productReference = 2D669B262ABA601F00BBD851 /* Hackwich 4 9.19.23Tests.xctest */;
			productType = "com.apple.product-type.bundle.unit-test";
		};
		2D669B2F2ABA601F00BBD851 /* Hackwich 4 9.19.23UITests */ = {
			isa = PBXNativeTarget;
			buildConfigurationList = 2D669B402ABA601F00BBD851 /* Build configuration list for PBXNativeTarget "Hackwich 4 9.19.23UITests" */;
			buildPhases = (
				2D669B2C2ABA601F00BBD851 /* Sources */,
				2D669B2D2ABA601F00BBD851 /* Frameworks */,
				2D669B2E2ABA601F00BBD851 /* Resources */,
			);
			buildRules = (
			);
			dependencies = (
				2D669B322ABA601F00BBD851 /* PBXTargetDependency */,
			);
			name = "Hackwich 4 9.19.23UITests";
			productName = "Hackwich 4 9.19.23UITests";
			productReference = 2D669B302ABA601F00BBD851 /* Hackwich 4 9.19.23UITests.xctest */;
			productType = "com.apple.product-type.bundle.ui-testing";
		};
/* End PBXNativeTarget section */

/* Begin PBXProject section */
		2D669B082ABA601D00BBD851 /* Project object */ = {
			isa = PBXProject;
			attributes = {
				BuildIndependentTargetsInParallel = 1;
				LastSwiftUpdateCheck = 1430;
				LastUpgradeCheck = 1430;
				TargetAttributes = {
					2D669B0F2ABA601E00BBD851 = {
						CreatedOnToolsVersion = 14.3.1;
					};
					2D669B252ABA601F00BBD851 = {
						CreatedOnToolsVersion = 14.3.1;
						TestTargetID = 2D669B0F2ABA601E00BBD851;
					};
					2D669B2F2ABA601F00BBD851 = {
						CreatedOnToolsVersion = 14.3.1;
						TestTargetID = 2D669B0F2ABA601E00BBD851;
					};
				};
			};
			buildConfigurationList = 2D669B0B2ABA601D00BBD851 /* Build configuration list for PBXProject "Hackwich 4 9.19.23" */;
			compatibilityVersion = "Xcode 14.0";
			developmentRegion = en;
			hasScannedForEncodings = 0;
			knownRegions = (
				en,
				Base,
			);
			mainGroup = 2D669B072ABA601D00BBD851;
			productRefGroup = 2D669B112ABA601E00BBD851 /* Products */;
			projectDirPath = "";
			projectRoot = "";
			targets = (
				2D669B0F2ABA601E00BBD851 /* Hackwich 4 9.19.23 */,
				2D669B252ABA601F00BBD851 /* Hackwich 4 9.19.23Tests */,
				2D669B2F2ABA601F00BBD851 /* Hackwich 4 9.19.23UITests */,
			);
		};
/* End PBXProject section */

/* Begin PBXResourcesBuildPhase section */
		2D669B0E2ABA601E00BBD851 /* Resources */ = {
			isa = PBXResourcesBuildPhase;
			buildActionMask = 2147483647;
			files = (
				2D669B202ABA601E00BBD851 /* LaunchScreen.storyboard in Resources */,
				2D669B1D2ABA601E00BBD851 /* Assets.xcassets in Resources */,
				2D669B1B2ABA601E00BBD851 /* Main.storyboard in Resources */,
			);
			runOnlyForDeploymentPostprocessing = 0;
		};
		2D669B242ABA601F00BBD851 /* Resources */ = {
			isa = PBXResourcesBuildPhase;
			buildActionMask = 2147483647;
			files = (
			);
			runOnlyForDeploymentPostprocessing = 0;
		};
		2D669B2E2ABA601F00BBD851 /* Resources */ = {
			isa = PBXResourcesBuildPhase;
			buildActionMask = 2147483647;
			files = (
			);
			runOnlyForDeploymentPostprocessing = 0;
		};
/* End PBXResourcesBuildPhase section */

/* Begin PBXSourcesBuildPhase section */
		2D669B0C2ABA601E00BBD851 /* Sources */ = {
			isa = PBXSourcesBuildPhase;
			buildActionMask = 2147483647;
			files = (
				2D669B182ABA601E00BBD851 /* ViewController.swift in Sources */,
				2D669B142ABA601E00BBD851 /* AppDelegate.swift in Sources */,
				2D669B162ABA601E00BBD851 /* SceneDelegate.swift in Sources */,
			);
			runOnlyForDeploymentPostprocessing = 0;
		};
		2D669B222ABA601F00BBD851 /* Sources */ = {
			isa = PBXSourcesBuildPhase;
			buildActionMask = 2147483647;
			files = (
				2D669B2B2ABA601F00BBD851 /* Hackwich_4_9_19_23Tests.swift in Sources */,
			);
			runOnlyForDeploymentPostprocessing = 0;
		};
		2D669B2C2ABA601F00BBD851 /* Sources */ = {
			isa = PBXSourcesBuildPhase;
			buildActionMask = 2147483647;
			files = (
				2D669B372ABA601F00BBD851 /* Hackwich_4_9_19_23UITestsLaunchTests.swift in Sources */,
				2D669B352ABA601F00BBD851 /* Hackwich_4_9_19_23UITests.swift in Sources */,
			);
			runOnlyForDeploymentPostprocessing = 0;
		};
/* End PBXSourcesBuildPhase section */

/* Begin PBXTargetDependency section */
		2D669B282ABA601F00BBD851 /* PBXTargetDependency */ = {
			isa = PBXTargetDependency;
			target = 2D669B0F2ABA601E00BBD851 /* Hackwich 4 9.19.23 */;
			targetProxy = 2D669B272ABA601F00BBD851 /* PBXContainerItemProxy */;
		};
		2D669B322ABA601F00BBD851 /* PBXTargetDependency */ = {
			isa = PBXTargetDependency;
			target = 2D669B0F2ABA601E00BBD851 /* Hackwich 4 9.19.23 */;
			targetProxy = 2D669B312ABA601F00BBD851 /* PBXContainerItemProxy */;
		};
/* End PBXTargetDependency section */

/* Begin PBXVariantGroup section */
		2D669B192ABA601E00BBD851 /* Main.storyboard */ = {
			isa = PBXVariantGroup;
			children = (
				2D669B1A2ABA601E00BBD851 /* Base */,
			);
			name = Main.storyboard;
			sourceTree = "<group>";
		};
		2D669B1E2ABA601E00BBD851 /* LaunchScreen.storyboard */ = {
			isa = PBXVariantGroup;
			children = (
				2D669B1F2ABA601E00BBD851 /* Base */,
			);
			name = LaunchScreen.storyboard;
			sourceTree = "<group>";
		};
/* End PBXVariantGroup section */

/* Begin XCBuildConfiguration section */
		2D669B382ABA601F00BBD851 /* Debug */ = {
			isa = XCBuildConfiguration;
			buildSettings = {
				ALWAYS_SEARCH_USER_PATHS = NO;
				CLANG_ANALYZER_NONNULL = YES;
				CLANG_ANALYZER_NUMBER_OBJECT_CONVERSION = YES_AGGRESSIVE;
				CLANG_CXX_LANGUAGE_STANDARD = "gnu++20";
				CLANG_ENABLE_MODULES = YES;
				CLANG_ENABLE_OBJC_ARC = YES;
				CLANG_ENABLE_OBJC_WEAK = YES;
				CLANG_WARN_BLOCK_CAPTURE_AUTORELEASING = YES;
				CLANG_WARN_BOOL_CONVERSION = YES;
				CLANG_WARN_COMMA = YES;
				CLANG_WARN_CONSTANT_CONVERSION = YES;
				CLANG_WARN_DEPRECATED_OBJC_IMPLEMENTATIONS = YES;
				CLANG_WARN_DIRECT_OBJC_ISA_USAGE = YES_ERROR;
				CLANG_WARN_DOCUMENTATION_COMMENTS = YES;
				CLANG_WARN_EMPTY_BODY = YES;
				CLANG_WARN_ENUM_CONVERSION = YES;
				CLANG_WARN_INFINITE_RECURSION = YES;
				CLANG_WARN_INT_CONVERSION = YES;
				CLANG_WARN_NON_LITERAL_NULL_CONVERSION = YES;
				CLANG_WARN_OBJC_IMPLICIT_RETAIN_SELF = YES;
				CLANG_WARN_OBJC_LITERAL_CONVERSION = YES;
				CLANG_WARN_OBJC_ROOT_CLASS = YES_ERROR;
				CLANG_WARN_QUOTED_INCLUDE_IN_FRAMEWORK_HEADER = YES;
				CLANG_WARN_RANGE_LOOP_ANALYSIS = YES;
				CLANG_WARN_STRICT_PROTOTYPES = YES;
				CLANG_WARN_SUSPICIOUS_MOVE = YES;
				CLANG_WARN_UNGUARDED_AVAILABILITY = YES_AGGRESSIVE;
				CLANG_WARN_UNREACHABLE_CODE = YES;
				CLANG_WARN__DUPLICATE_METHOD_MATCH = YES;
				COPY_PHASE_STRIP = NO;
				DEBUG_INFORMATION_FORMAT = dwarf;
				ENABLE_STRICT_OBJC_MSGSEND = YES;
				ENABLE_TESTABILITY = YES;
				GCC_C_LANGUAGE_STANDARD = gnu11;
				GCC_DYNAMIC_NO_PIC = NO;
				GCC_NO_COMMON_BLOCKS = YES;
				GCC_OPTIMIZATION_LEVEL = 0;
				GCC_PREPROCESSOR_DEFINITIONS = (
					"DEBUG=1",
					"$(inherited)",
				);
				GCC_WARN_64_TO_32_BIT_CONVERSION = YES;
				GCC_WARN_ABOUT_RETURN_TYPE = YES_ERROR;
				GCC_WARN_UNDECLARED_SELECTOR = YES;
				GCC_WARN_UNINITIALIZED_AUTOS = YES_AGGRESSIVE;
				GCC_WARN_UNUSED_FUNCTION = YES;
				GCC_WARN_UNUSED_VARIABLE = YES;
				IPHONEOS_DEPLOYMENT_TARGET = 16.4;
				MTL_ENABLE_DEBUG_INFO = INCLUDE_SOURCE;
				MTL_FAST_MATH = YES;
				ONLY_ACTIVE_ARCH = YES;
				SDKROOT = iphoneos;
				SWIFT_ACTIVE_COMPILATION_CONDITIONS = DEBUG;
				SWIFT_OPTIMIZATION_LEVEL = "-Onone";
			};
			name = Debug;
		};
		2D669B392ABA601F00BBD851 /* Release */ = {
			isa = XCBuildConfiguration;
			buildSettings = {
				ALWAYS_SEARCH_USER_PATHS = NO;
				CLANG_ANALYZER_NONNULL = YES;
				CLANG_ANALYZER_NUMBER_OBJECT_CONVERSION = YES_AGGRESSIVE;
				CLANG_CXX_LANGUAGE_STANDARD = "gnu++20";
				CLANG_ENABLE_MODULES = YES;
				CLANG_ENABLE_OBJC_ARC = YES;
				CLANG_ENABLE_OBJC_WEAK = YES;
				CLANG_WARN_BLOCK_CAPTURE_AUTORELEASING = YES;
				CLANG_WARN_BOOL_CONVERSION = YES;
				CLANG_WARN_COMMA = YES;
				CLANG_WARN_CONSTANT_CONVERSION = YES;
				CLANG_WARN_DEPRECATED_OBJC_IMPLEMENTATIONS = YES;
				CLANG_WARN_DIRECT_OBJC_ISA_USAGE = YES_ERROR;
				CLANG_WARN_DOCUMENTATION_COMMENTS = YES;
				CLANG_WARN_EMPTY_BODY = YES;
				CLANG_WARN_ENUM_CONVERSION = YES;
				CLANG_WARN_INFINITE_RECURSION = YES;
				CLANG_WARN_INT_CONVERSION = YES;
				CLANG_WARN_NON_LITERAL_NULL_CONVERSION = YES;
				CLANG_WARN_OBJC_IMPLICIT_RETAIN_SELF = YES;
				CLANG_WARN_OBJC_LITERAL_CONVERSION = YES;
				CLANG_WARN_OBJC_ROOT_CLASS = YES_ERROR;
				CLANG_WARN_QUOTED_INCLUDE_IN_FRAMEWORK_HEADER = YES;
				CLANG_WARN_RANGE_LOOP_ANALYSIS = YES;
				CLANG_WARN_STRICT_PROTOTYPES = YES;
				CLANG_WARN_SUSPICIOUS_MOVE = YES;
				CLANG_WARN_UNGUARDED_AVAILABILITY = YES_AGGRESSIVE;
				CLANG_WARN_UNREACHABLE_CODE = YES;
				CLANG_WARN__DUPLICATE_METHOD_MATCH = YES;
				COPY_PHASE_STRIP = NO;
				DEBUG_INFORMATION_FORMAT = "dwarf-with-dsym";
				ENABLE_NS_ASSERTIONS = NO;
				ENABLE_STRICT_OBJC_MSGSEND = YES;
				GCC_C_LANGUAGE_STANDARD = gnu11;
				GCC_NO_COMMON_BLOCKS = YES;
				GCC_WARN_64_TO_32_BIT_CONVERSION = YES;
				GCC_WARN_ABOUT_RETURN_TYPE = YES_ERROR;
				GCC_WARN_UNDECLARED_SELECTOR = YES;
				GCC_WARN_UNINITIALIZED_AUTOS = YES_AGGRESSIVE;
				GCC_WARN_UNUSED_FUNCTION = YES;
				GCC_WARN_UNUSED_VARIABLE = YES;
				IPHONEOS_DEPLOYMENT_TARGET = 16.4;
				MTL_ENABLE_DEBUG_INFO = NO;
				MTL_FAST_MATH = YES;
				SDKROOT = iphoneos;
				SWIFT_COMPILATION_MODE = wholemodule;
				SWIFT_OPTIMIZATION_LEVEL = "-O";
				VALIDATE_PRODUCT = YES;
			};
			name = Release;
		};
		2D669B3B2ABA601F00BBD851 /* Debug */ = {
			isa = XCBuildConfiguration;
			buildSettings = {
				ASSETCATALOG_COMPILER_APPICON_NAME = AppIcon;
				ASSETCATALOG_COMPILER_GLOBAL_ACCENT_COLOR_NAME = AccentColor;
				CODE_SIGN_STYLE = Automatic;
				CURRENT_PROJECT_VERSION = 1;
				DEVELOPMENT_TEAM = 25PWZ37DVH;
				GENERATE_INFOPLIST_FILE = YES;
				INFOPLIST_FILE = "Hackwich 4 9.19.23/Info.plist";
				INFOPLIST_KEY_UIApplicationSupportsIndirectInputEvents = YES;
				INFOPLIST_KEY_UILaunchStoryboardName = LaunchScreen;
				INFOPLIST_KEY_UIMainStoryboardFile = Main;
				INFOPLIST_KEY_UISupportedInterfaceOrientations_iPad = "UIInterfaceOrientationPortrait UIInterfaceOrientationPortraitUpsideDown UIInterfaceOrientationLandscapeLeft UIInterfaceOrientationLandscapeRight";
				INFOPLIST_KEY_UISupportedInterfaceOrientations_iPhone = "UIInterfaceOrientationPortrait UIInterfaceOrientationLandscapeLeft UIInterfaceOrientationLandscapeRight";
				LD_RUNPATH_SEARCH_PATHS = (
					"$(inherited)",
					"@executable_path/Frameworks",
				);
				MARKETING_VERSION = 1.0;
				PRODUCT_BUNDLE_IDENTIFIER = "Alexis.Hackwich-4-9-19-23";
				PRODUCT_NAME = "$(TARGET_NAME)";
				SWIFT_EMIT_LOC_STRINGS = YES;
				SWIFT_VERSION = 5.0;
				TARGETED_DEVICE_FAMILY = "1,2";
			};
			name = Debug;
		};
		2D669B3C2ABA601F00BBD851 /* Release */ = {
			isa = XCBuildConfiguration;
			buildSettings = {
				ASSETCATALOG_COMPILER_APPICON_NAME = AppIcon;
				ASSETCATALOG_COMPILER_GLOBAL_ACCENT_COLOR_NAME = AccentColor;
				CODE_SIGN_STYLE = Automatic;
				CURRENT_PROJECT_VERSION = 1;
				DEVELOPMENT_TEAM = 25PWZ37DVH;
				GENERATE_INFOPLIST_FILE = YES;
				INFOPLIST_FILE = "Hackwich 4 9.19.23/Info.plist";
				INFOPLIST_KEY_UIApplicationSupportsIndirectInputEvents = YES;
				INFOPLIST_KEY_UILaunchStoryboardName = LaunchScreen;
				INFOPLIST_KEY_UIMainStoryboardFile = Main;
				INFOPLIST_KEY_UISupportedInterfaceOrientations_iPad = "UIInterfaceOrientationPortrait UIInterfaceOrientationPortraitUpsideDown UIInterfaceOrientationLandscapeLeft UIInterfaceOrientationLandscapeRight";
				INFOPLIST_KEY_UISupportedInterfaceOrientations_iPhone = "UIInterfaceOrientationPortrait UIInterfaceOrientationLandscapeLeft UIInterfaceOrientationLandscapeRight";
				LD_RUNPATH_SEARCH_PATHS = (
					"$(inherited)",
					"@executable_path/Frameworks",
				);
				MARKETING_VERSION = 1.0;
				PRODUCT_BUNDLE_IDENTIFIER = "Alexis.Hackwich-4-9-19-23";
				PRODUCT_NAME = "$(TARGET_NAME)";
				SWIFT_EMIT_LOC_STRINGS = YES;
				SWIFT_VERSION = 5.0;
				TARGETED_DEVICE_FAMILY = "1,2";
			};
			name = Release;
		};
		2D669B3E2ABA601F00BBD851 /* Debug */ = {
			isa = XCBuildConfiguration;
			buildSettings = {
				ALWAYS_EMBED_SWIFT_STANDARD_LIBRARIES = YES;
				BUNDLE_LOADER = "$(TEST_HOST)";
				CODE_SIGN_STYLE = Automatic;
				CURRENT_PROJECT_VERSION = 1;
				DEVELOPMENT_TEAM = 25PWZ37DVH;
				GENERATE_INFOPLIST_FILE = YES;
				IPHONEOS_DEPLOYMENT_TARGET = 16.4;
				MARKETING_VERSION = 1.0;
				PRODUCT_BUNDLE_IDENTIFIER = "Alexis.Hackwich-4-9-19-23Tests";
				PRODUCT_NAME = "$(TARGET_NAME)";
				SWIFT_EMIT_LOC_STRINGS = NO;
				SWIFT_VERSION = 5.0;
				TARGETED_DEVICE_FAMILY = "1,2";
				TEST_HOST = "$(BUILT_PRODUCTS_DIR)/Hackwich 4 9.19.23.app/$(BUNDLE_EXECUTABLE_FOLDER_PATH)/Hackwich 4 9.19.23";
			};
			name = Debug;
		};
		2D669B3F2ABA601F00BBD851 /* Release */ = {
			isa = XCBuildConfiguration;
			buildSettings = {
				ALWAYS_EMBED_SWIFT_STANDARD_LIBRARIES = YES;
				BUNDLE_LOADER = "$(TEST_HOST)";
				CODE_SIGN_STYLE = Automatic;
				CURRENT_PROJECT_VERSION = 1;
				DEVELOPMENT_TEAM = 25PWZ37DVH;
				GENERATE_INFOPLIST_FILE = YES;
				IPHONEOS_DEPLOYMENT_TARGET = 16.4;
				MARKETING_VERSION = 1.0;
				PRODUCT_BUNDLE_IDENTIFIER = "Alexis.Hackwich-4-9-19-23Tests";
				PRODUCT_NAME = "$(TARGET_NAME)";
				SWIFT_EMIT_LOC_STRINGS = NO;
				SWIFT_VERSION = 5.0;
				TARGETED_DEVICE_FAMILY = "1,2";
				TEST_HOST = "$(BUILT_PRODUCTS_DIR)/Hackwich 4 9.19.23.app/$(BUNDLE_EXECUTABLE_FOLDER_PATH)/Hackwich 4 9.19.23";
			};
			name = Release;
		};
		2D669B412ABA601F00BBD851 /* Debug */ = {
			isa = XCBuildConfiguration;
			buildSettings = {
				ALWAYS_EMBED_SWIFT_STANDARD_LIBRARIES = YES;
				CODE_SIGN_STYLE = Automatic;
				CURRENT_PROJECT_VERSION = 1;
				DEVELOPMENT_TEAM = 25PWZ37DVH;
				GENERATE_INFOPLIST_FILE = YES;
				MARKETING_VERSION = 1.0;
				PRODUCT_BUNDLE_IDENTIFIER = "Alexis.Hackwich-4-9-19-23UITests";
				PRODUCT_NAME = "$(TARGET_NAME)";
				SWIFT_EMIT_LOC_STRINGS = NO;
				SWIFT_VERSION = 5.0;
				TARGETED_DEVICE_FAMILY = "1,2";
				TEST_TARGET_NAME = "Hackwich 4 9.19.23";
			};
			name = Debug;
		};
		2D669B422ABA601F00BBD851 /* Release */ = {
			isa = XCBuildConfiguration;
			buildSettings = {
				ALWAYS_EMBED_SWIFT_STANDARD_LIBRARIES = YES;
				CODE_SIGN_STYLE = Automatic;
				CURRENT_PROJECT_VERSION = 1;
				DEVELOPMENT_TEAM = 25PWZ37DVH;
				GENERATE_INFOPLIST_FILE = YES;
				MARKETING_VERSION = 1.0;
				PRODUCT_BUNDLE_IDENTIFIER = "Alexis.Hackwich-4-9-19-23UITests";
				PRODUCT_NAME = "$(TARGET_NAME)";
				SWIFT_EMIT_LOC_STRINGS = NO;
				SWIFT_VERSION = 5.0;
				TARGETED_DEVICE_FAMILY = "1,2";
				TEST_TARGET_NAME = "Hackwich 4 9.19.23";
			};
			name = Release;
		};
/* End XCBuildConfiguration section */

/* Begin XCConfigurationList section */
		2D669B0B2ABA601D00BBD851 /* Build configuration list for PBXProject "Hackwich 4 9.19.23" */ = {
			isa = XCConfigurationList;
			buildConfigurations = (
				2D669B382ABA601F00BBD851 /* Debug */,
				2D669B392ABA601F00BBD851 /* Release */,
			);
			defaultConfigurationIsVisible = 0;
			defaultConfigurationName = Release;
		};
		2D669B3A2ABA601F00BBD851 /* Build configuration list for PBXNativeTarget "Hackwich 4 9.19.23" */ = {
			isa = XCConfigurationList;
			buildConfigurations = (
				2D669B3B2ABA601F00BBD851 /* Debug */,
				2D669B3C2ABA601F00BBD851 /* Release */,
			);
			defaultConfigurationIsVisible = 0;
			defaultConfigurationName = Release;
		};
		2D669B3D2ABA601F00BBD851 /* Build configuration list for PBXNativeTarget "Hackwich 4 9.19.23Tests" */ = {
			isa = XCConfigurationList;
			buildConfigurations = (
				2D669B3E2ABA601F00BBD851 /* Debug */,
				2D669B3F2ABA601F00BBD851 /* Release */,
			);
			defaultConfigurationIsVisible = 0;
			defaultConfigurationName = Release;
		};
		2D669B402ABA601F00BBD851 /* Build configuration list for PBXNativeTarget "Hackwich 4 9.19.23UITests" */ = {
			isa = XCConfigurationList;
			buildConfigurations = (
				2D669B412ABA601F00BBD851 /* Debug */,
				2D669B422ABA601F00BBD851 /* Release */,
			);
			defaultConfigurationIsVisible = 0;
			defaultConfigurationName = Release;
		};
/* End XCConfigurationList section */
	};
	rootObject = 2D669B082ABA601D00BBD851 /* Project object */;
}
